
Microsoft Visual Studio Solution File, Format Version 12.00
# Visual Studio Version 16
VisualStudioVersion = 16.0.31729.503
MinimumVisualStudioVersion = 10.0.40219.1
Project("{FAE04EC0-301F-11D3-BF4B-00C04F79EFBC}") = "DockerApplication", "DockerApplication\DockerApplication.csproj", "{4593624D-18E8-41C7-BB1B-1F67CB45B4AF}"
EndProject
Global
	GlobalSection(SolutionConfigurationPlatforms) = preSolution
		Debug|Any CPU = Debug|Any CPU
		Release|Any CPU = Release|Any CPU
	EndGlobalSection
	GlobalSection(ProjectConfigurationPlatforms) = postSolution
		{4593624D-18E8-41C7-BB1B-1F67CB45B4AF}.Debug|Any CPU.ActiveCfg = Debug|Any CPU
		{4593624D-18E8-41C7-BB1B-1F67CB45B4AF}.Debug|Any CPU.Build.0 = Debug|Any CPU
		{4593624D-18E8-41C7-BB1B-1F67CB45B4AF}.Release|Any CPU.ActiveCfg = Release|Any CPU
		{4593624D-18E8-41C7-BB1B-1F67CB45B4AF}.Release|Any CPU.Build.0 = Release|Any CPU
	EndGlobalSection
	GlobalSection(SolutionProperties) = preSolution
		HideSolutionNode = FALSE
	EndGlobalSection
	GlobalSection(ExtensibilityGlobals) = postSolution
		SolutionGuid = {58D036D5-03D4-4FAE-85AD-105F73114D4A}
	EndGlobalSection
EndGlobal
